// !$*UTF8*$!
{
	archiveVersion = 1;
	classes = {
	};
	objectVersion = 52;
	objects = {

/* Begin PBXBuildFile section */
		F65285D62674752A00831067 /* AppDelegate.swift in Sources */ = {isa = PBXBuildFile; fileRef = F65285D52674752A00831067 /* AppDelegate.swift */; };
		F65285D82674752A00831067 /* SceneDelegate.swift in Sources */ = {isa = PBXBuildFile; fileRef = F65285D72674752A00831067 /* SceneDelegate.swift */; };
		F65285DF2674752C00831067 /* Assets.xcassets in Resources */ = {isa = PBXBuildFile; fileRef = F65285DE2674752C00831067 /* Assets.xcassets */; };
		F65285E22674752C00831067 /* LaunchScreen.storyboard in Resources */ = {isa = PBXBuildFile; fileRef = F65285E02674752C00831067 /* LaunchScreen.storyboard */; };
		F65285EB2674757300831067 /* RxSwift in Frameworks */ = {isa = PBXBuildFile; productRef = F65285EA2674757300831067 /* RxSwift */; };
		F65285ED2674757300831067 /* RxTest in Frameworks */ = {isa = PBXBuildFile; productRef = F65285EC2674757300831067 /* RxTest */; };
		F65285EF2674757300831067 /* RxRelay in Frameworks */ = {isa = PBXBuildFile; productRef = F65285EE2674757300831067 /* RxRelay */; };
		F65285F12674757300831067 /* RxCocoa in Frameworks */ = {isa = PBXBuildFile; productRef = F65285F02674757300831067 /* RxCocoa */; };
		F65285F32674757300831067 /* RxBlocking in Frameworks */ = {isa = PBXBuildFile; productRef = F65285F22674757300831067 /* RxBlocking */; };
		F65285F52674E38400831067 /* Coordinator.swift in Sources */ = {isa = PBXBuildFile; fileRef = F65285F42674E38400831067 /* Coordinator.swift */; };
		F65285F92674FC9000831067 /* RootViewController.swift in Sources */ = {isa = PBXBuildFile; fileRef = F65285F82674FC9000831067 /* RootViewController.swift */; };
		F65285FB2674FCA900831067 /* Article.swift in Sources */ = {isa = PBXBuildFile; fileRef = F65285FA2674FCA900831067 /* Article.swift */; };
		F65285FE2674FD6000831067 /* RootViewModel.swift in Sources */ = {isa = PBXBuildFile; fileRef = F65285FD2674FD6000831067 /* RootViewModel.swift */; };
		F65286012674FDA700831067 /* ArticleService.swift in Sources */ = {isa = PBXBuildFile; fileRef = F65286002674FDA700831067 /* ArticleService.swift */; };
		F65286042674FE1700831067 /* Alamofire in Frameworks */ = {isa = PBXBuildFile; productRef = F65286032674FE1700831067 /* Alamofire */; };
		F6528606267504BE00831067 /* ArticleViewModel.swift in Sources */ = {isa = PBXBuildFile; fileRef = F6528605267504BE00831067 /* ArticleViewModel.swift */; };
		F65286092675089700831067 /* ArticleCell.swift in Sources */ = {isa = PBXBuildFile; fileRef = F65286082675089700831067 /* ArticleCell.swift */; };
		F652860C26750CB700831067 /* SDWebImage in Frameworks */ = {isa = PBXBuildFile; productRef = F652860B26750CB700831067 /* SDWebImage */; };
/* End PBXBuildFile section */

/* Begin PBXFileReference section */
		F65285D22674752A00831067 /* RxSwift_Practice.app */ = {isa = PBXFileReference; explicitFileType = wrapper.application; includeInIndex = 0; path = RxSwift_Practice.app; sourceTree = BUILT_PRODUCTS_DIR; };
		F65285D52674752A00831067 /* AppDelegate.swift */ = {isa = PBXFileReference; lastKnownFileType = sourcecode.swift; path = AppDelegate.swift; sourceTree = "<group>"; };
		F65285D72674752A00831067 /* SceneDelegate.swift */ = {isa = PBXFileReference; lastKnownFileType = sourcecode.swift; path = SceneDelegate.swift; sourceTree = "<group>"; };
		F65285DE2674752C00831067 /* Assets.xcassets */ = {isa = PBXFileReference; lastKnownFileType = folder.assetcatalog; path = Assets.xcassets; sourceTree = "<group>"; };
		F65285E12674752C00831067 /* Base */ = {isa = PBXFileReference; lastKnownFileType = file.storyboard; name = Base; path = Base.lproj/LaunchScreen.storyboard; sourceTree = "<group>"; };
		F65285E32674752C00831067 /* Info.plist */ = {isa = PBXFileReference; lastKnownFileType = text.plist.xml; path = Info.plist; sourceTree = "<group>"; };
		F65285F42674E38400831067 /* Coordinator.swift */ = {isa = PBXFileReference; lastKnownFileType = sourcecode.swift; path = Coordinator.swift; sourceTree = "<group>"; };
		F65285F82674FC9000831067 /* RootViewController.swift */ = {isa = PBXFileReference; lastKnownFileType = sourcecode.swift; path = RootViewController.swift; sourceTree = "<group>"; };
		F65285FA2674FCA900831067 /* Article.swift */ = {isa = PBXFileReference; lastKnownFileType = sourcecode.swift; path = Article.swift; sourceTree = "<group>"; };
		F65285FD2674FD6000831067 /* RootViewModel.swift */ = {isa = PBXFileReference; lastKnownFileType = sourcecode.swift; path = RootViewModel.swift; sourceTree = "<group>"; };
		F65286002674FDA700831067 /* ArticleService.swift */ = {isa = PBXFileReference; lastKnownFileType = sourcecode.swift; path = ArticleService.swift; sourceTree = "<group>"; };
		F6528605267504BE00831067 /* ArticleViewModel.swift */ = {isa = PBXFileReference; lastKnownFileType = sourcecode.swift; path = ArticleViewModel.swift; sourceTree = "<group>"; };
		F65286082675089700831067 /* ArticleCell.swift */ = {isa = PBXFileReference; lastKnownFileType = sourcecode.swift; path = ArticleCell.swift; sourceTree = "<group>"; };
/* End PBXFileReference section */

/* Begin PBXFrameworksBuildPhase section */
		F65285CF2674752A00831067 /* Frameworks */ = {
			isa = PBXFrameworksBuildPhase;
			buildActionMask = 2147483647;
			files = (
				F65285EF2674757300831067 /* RxRelay in Frameworks */,
				F65285ED2674757300831067 /* RxTest in Frameworks */,
				F65285F12674757300831067 /* RxCocoa in Frameworks */,
				F652860C26750CB700831067 /* SDWebImage in Frameworks */,
				F65286042674FE1700831067 /* Alamofire in Frameworks */,
				F65285EB2674757300831067 /* RxSwift in Frameworks */,
				F65285F32674757300831067 /* RxBlocking in Frameworks */,
			);
			runOnlyForDeploymentPostprocessing = 0;
		};
/* End PBXFrameworksBuildPhase section */

/* Begin PBXGroup section */
		F65285C92674752A00831067 = {
			isa = PBXGroup;
			children = (
				F65285D42674752A00831067 /* RxSwift_Practice */,
				F65285D32674752A00831067 /* Products */,
			);
			sourceTree = "<group>";
		};
		F65285D32674752A00831067 /* Products */ = {
			isa = PBXGroup;
			children = (
				F65285D22674752A00831067 /* RxSwift_Practice.app */,
			);
			name = Products;
			sourceTree = "<group>";
		};
		F65285D42674752A00831067 /* RxSwift_Practice */ = {
			isa = PBXGroup;
			children = (
				F65286072675087000831067 /* Views */,
				F65285F72674FC6200831067 /* ViewContorllers */,
				F65285FF2674FD6C00831067 /* APIs */,
				F65285FC2674FD4A00831067 /* ViewModels */,
				F65285F62674FC4F00831067 /* Models */,
				F65285D52674752A00831067 /* AppDelegate.swift */,
				F65285D72674752A00831067 /* SceneDelegate.swift */,
				F65285DE2674752C00831067 /* Assets.xcassets */,
				F65285E02674752C00831067 /* LaunchScreen.storyboard */,
				F65285E32674752C00831067 /* Info.plist */,
				F65285F42674E38400831067 /* Coordinator.swift */,
			);
			path = RxSwift_Practice;
			sourceTree = "<group>";
		};
		F65285F62674FC4F00831067 /* Models */ = {
			isa = PBXGroup;
			children = (
				F65285FA2674FCA900831067 /* Article.swift */,
			);
			path = Models;
			sourceTree = "<group>";
		};
		F65285F72674FC6200831067 /* ViewContorllers */ = {
			isa = PBXGroup;
			children = (
				F65285F82674FC9000831067 /* RootViewController.swift */,
			);
			path = ViewContorllers;
			sourceTree = "<group>";
		};
		F65285FC2674FD4A00831067 /* ViewModels */ = {
			isa = PBXGroup;
			children = (
				F65285FD2674FD6000831067 /* RootViewModel.swift */,
				F6528605267504BE00831067 /* ArticleViewModel.swift */,
			);
			path = ViewModels;
			sourceTree = "<group>";
		};
		F65285FF2674FD6C00831067 /* APIs */ = {
			isa = PBXGroup;
			children = (
				F65286002674FDA700831067 /* ArticleService.swift */,
			);
			name = APIs;
			sourceTree = "<group>";
		};
		F65286072675087000831067 /* Views */ = {
			isa = PBXGroup;
			children = (
				F65286082675089700831067 /* ArticleCell.swift */,
			);
			path = Views;
			sourceTree = "<group>";
		};
/* End PBXGroup section */

/* Begin PBXNativeTarget section */
		F65285D12674752A00831067 /* RxSwift_Practice */ = {
			isa = PBXNativeTarget;
			buildConfigurationList = F65285E62674752C00831067 /* Build configuration list for PBXNativeTarget "RxSwift_Practice" */;
			buildPhases = (
				F65285CE2674752A00831067 /* Sources */,
				F65285CF2674752A00831067 /* Frameworks */,
				F65285D02674752A00831067 /* Resources */,
			);
			buildRules = (
			);
			dependencies = (
			);
			name = RxSwift_Practice;
			packageProductDependencies = (
				F65285EA2674757300831067 /* RxSwift */,
				F65285EC2674757300831067 /* RxTest */,
				F65285EE2674757300831067 /* RxRelay */,
				F65285F02674757300831067 /* RxCocoa */,
				F65285F22674757300831067 /* RxBlocking */,
				F65286032674FE1700831067 /* Alamofire */,
				F652860B26750CB700831067 /* SDWebImage */,
			);
			productName = RxSwift_Practice;
			productReference = F65285D22674752A00831067 /* RxSwift_Practice.app */;
			productType = "com.apple.product-type.application";
		};
/* End PBXNativeTarget section */

/* Begin PBXProject section */
		F65285CA2674752A00831067 /* Project object */ = {
			isa = PBXProject;
			attributes = {
				LastSwiftUpdateCheck = 1250;
				LastUpgradeCheck = 1250;
				TargetAttributes = {
					F65285D12674752A00831067 = {
						CreatedOnToolsVersion = 12.5;
					};
				};
			};
			buildConfigurationList = F65285CD2674752A00831067 /* Build configuration list for PBXProject "RxSwift_Practice" */;
			compatibilityVersion = "Xcode 9.3";
			developmentRegion = en;
			hasScannedForEncodings = 0;
			knownRegions = (
				en,
				Base,
			);
			mainGroup = F65285C92674752A00831067;
			packageReferences = (
				F65285E92674757300831067 /* XCRemoteSwiftPackageReference "RxSwift" */,
				F65286022674FE1700831067 /* XCRemoteSwiftPackageReference "Alamofire" */,
				F652860A26750CB700831067 /* XCRemoteSwiftPackageReference "SDWebImage" */,
			);
			productRefGroup = F65285D32674752A00831067 /* Products */;
			projectDirPath = "";
			projectRoot = "";
			targets = (
				F65285D12674752A00831067 /* RxSwift_Practice */,
			);
		};
/* End PBXProject section */

/* Begin PBXResourcesBuildPhase section */
		F65285D02674752A00831067 /* Resources */ = {
			isa = PBXResourcesBuildPhase;
			buildActionMask = 2147483647;
			files = (
				F65285E22674752C00831067 /* LaunchScreen.storyboard in Resources */,
				F65285DF2674752C00831067 /* Assets.xcassets in Resources */,
			);
			runOnlyForDeploymentPostprocessing = 0;
		};
/* End PBXResourcesBuildPhase section */

/* Begin PBXSourcesBuildPhase section */
		F65285CE2674752A00831067 /* Sources */ = {
			isa = PBXSourcesBuildPhase;
			buildActionMask = 2147483647;
			files = (
				F65285F52674E38400831067 /* Coordinator.swift in Sources */,
				F6528606267504BE00831067 /* ArticleViewModel.swift in Sources */,
				F65285D62674752A00831067 /* AppDelegate.swift in Sources */,
				F65285F92674FC9000831067 /* RootViewController.swift in Sources */,
				F65286012674FDA700831067 /* ArticleService.swift in Sources */,
				F65286092675089700831067 /* ArticleCell.swift in Sources */,
				F65285D82674752A00831067 /* SceneDelegate.swift in Sources */,
				F65285FE2674FD6000831067 /* RootViewModel.swift in Sources */,
				F65285FB2674FCA900831067 /* Article.swift in Sources */,
			);
			runOnlyForDeploymentPostprocessing = 0;
		};
/* End PBXSourcesBuildPhase section */

/* Begin PBXVariantGroup section */
		F65285E02674752C00831067 /* LaunchScreen.storyboard */ = {
			isa = PBXVariantGroup;
			children = (
				F65285E12674752C00831067 /* Base */,
			);
			name = LaunchScreen.storyboard;
			sourceTree = "<group>";
		};
/* End PBXVariantGroup section */

/* Begin XCBuildConfiguration section */
		F65285E42674752C00831067 /* Debug */ = {
			isa = XCBuildConfiguration;
			buildSettings = {
				ALWAYS_SEARCH_USER_PATHS = NO;
				CLANG_ANALYZER_NONNULL = YES;
				CLANG_ANALYZER_NUMBER_OBJECT_CONVERSION = YES_AGGRESSIVE;
				CLANG_CXX_LANGUAGE_STANDARD = "gnu++14";
				CLANG_CXX_LIBRARY = "libc++";
				CLANG_ENABLE_MODULES = YES;
				CLANG_ENABLE_OBJC_ARC = YES;
				CLANG_ENABLE_OBJC_WEAK = YES;
				CLANG_WARN_BLOCK_CAPTURE_AUTORELEASING = YES;
				CLANG_WARN_BOOL_CONVERSION = YES;
				CLANG_WARN_COMMA = YES;
				CLANG_WARN_CONSTANT_CONVERSION = YES;
				CLANG_WARN_DEPRECATED_OBJC_IMPLEMENTATIONS = YES;
				CLANG_WARN_DIRECT_OBJC_ISA_USAGE = YES_ERROR;
				CLANG_WARN_DOCUMENTATION_COMMENTS = YES;
				CLANG_WARN_EMPTY_BODY = YES;
				CLANG_WARN_ENUM_CONVERSION = YES;
				CLANG_WARN_INFINITE_RECURSION = YES;
				CLANG_WARN_INT_CONVERSION = YES;
				CLANG_WARN_NON_LITERAL_NULL_CONVERSION = YES;
				CLANG_WARN_OBJC_IMPLICIT_RETAIN_SELF = YES;
				CLANG_WARN_OBJC_LITERAL_CONVERSION = YES;
				CLANG_WARN_OBJC_ROOT_CLASS = YES_ERROR;
				CLANG_WARN_QUOTED_INCLUDE_IN_FRAMEWORK_HEADER = YES;
				CLANG_WARN_RANGE_LOOP_ANALYSIS = YES;
				CLANG_WARN_STRICT_PROTOTYPES = YES;
				CLANG_WARN_SUSPICIOUS_MOVE = YES;
				CLANG_WARN_UNGUARDED_AVAILABILITY = YES_AGGRESSIVE;
				CLANG_WARN_UNREACHABLE_CODE = YES;
				CLANG_WARN__DUPLICATE_METHOD_MATCH = YES;
				COPY_PHASE_STRIP = NO;
				DEBUG_INFORMATION_FORMAT = dwarf;
				ENABLE_STRICT_OBJC_MSGSEND = YES;
				ENABLE_TESTABILITY = YES;
				GCC_C_LANGUAGE_STANDARD = gnu11;
				GCC_DYNAMIC_NO_PIC = NO;
				GCC_NO_COMMON_BLOCKS = YES;
				GCC_OPTIMIZATION_LEVEL = 0;
				GCC_PREPROCESSOR_DEFINITIONS = (
					"DEBUG=1",
					"$(inherited)",
				);
				GCC_WARN_64_TO_32_BIT_CONVERSION = YES;
				GCC_WARN_ABOUT_RETURN_TYPE = YES_ERROR;
				GCC_WARN_UNDECLARED_SELECTOR = YES;
				GCC_WARN_UNINITIALIZED_AUTOS = YES_AGGRESSIVE;
				GCC_WARN_UNUSED_FUNCTION = YES;
				GCC_WARN_UNUSED_VARIABLE = YES;
				IPHONEOS_DEPLOYMENT_TARGET = 14.5;
				MTL_ENABLE_DEBUG_INFO = INCLUDE_SOURCE;
				MTL_FAST_MATH = YES;
				ONLY_ACTIVE_ARCH = YES;
				SDKROOT = iphoneos;
				SWIFT_ACTIVE_COMPILATION_CONDITIONS = DEBUG;
				SWIFT_OPTIMIZATION_LEVEL = "-Onone";
			};
			name = Debug;
		};
		F65285E52674752C00831067 /* Release */ = {
			isa = XCBuildConfiguration;
			buildSettings = {
				ALWAYS_SEARCH_USER_PATHS = NO;
				CLANG_ANALYZER_NONNULL = YES;
				CLANG_ANALYZER_NUMBER_OBJECT_CONVERSION = YES_AGGRESSIVE;
				CLANG_CXX_LANGUAGE_STANDARD = "gnu++14";
				CLANG_CXX_LIBRARY = "libc++";
				CLANG_ENABLE_MODULES = YES;
				CLANG_ENABLE_OBJC_ARC = YES;
				CLANG_ENABLE_OBJC_WEAK = YES;
				CLANG_WARN_BLOCK_CAPTURE_AUTORELEASING = YES;
				CLANG_WARN_BOOL_CONVERSION = YES;
				CLANG_WARN_COMMA = YES;
				CLANG_WARN_CONSTANT_CONVERSION = YES;
				CLANG_WARN_DEPRECATED_OBJC_IMPLEMENTATIONS = YES;
				CLANG_WARN_DIRECT_OBJC_ISA_USAGE = YES_ERROR;
				CLANG_WARN_DOCUMENTATION_COMMENTS = YES;
				CLANG_WARN_EMPTY_BODY = YES;
				CLANG_WARN_ENUM_CONVERSION = YES;
				CLANG_WARN_INFINITE_RECURSION = YES;
				CLANG_WARN_INT_CONVERSION = YES;
				CLANG_WARN_NON_LITERAL_NULL_CONVERSION = YES;
				CLANG_WARN_OBJC_IMPLICIT_RETAIN_SELF = YES;
				CLANG_WARN_OBJC_LITERAL_CONVERSION = YES;
				CLANG_WARN_OBJC_ROOT_CLASS = YES_ERROR;
				CLANG_WARN_QUOTED_INCLUDE_IN_FRAMEWORK_HEADER = YES;
				CLANG_WARN_RANGE_LOOP_ANALYSIS = YES;
				CLANG_WARN_STRICT_PROTOTYPES = YES;
				CLANG_WARN_SUSPICIOUS_MOVE = YES;
				CLANG_WARN_UNGUARDED_AVAILABILITY = YES_AGGRESSIVE;
				CLANG_WARN_UNREACHABLE_CODE = YES;
				CLANG_WARN__DUPLICATE_METHOD_MATCH = YES;
				COPY_PHASE_STRIP = NO;
				DEBUG_INFORMATION_FORMAT = "dwarf-with-dsym";
				ENABLE_NS_ASSERTIONS = NO;
				ENABLE_STRICT_OBJC_MSGSEND = YES;
				GCC_C_LANGUAGE_STANDARD = gnu11;
				GCC_NO_COMMON_BLOCKS = YES;
				GCC_WARN_64_TO_32_BIT_CONVERSION = YES;
				GCC_WARN_ABOUT_RETURN_TYPE = YES_ERROR;
				GCC_WARN_UNDECLARED_SELECTOR = YES;
				GCC_WARN_UNINITIALIZED_AUTOS = YES_AGGRESSIVE;
				GCC_WARN_UNUSED_FUNCTION = YES;
				GCC_WARN_UNUSED_VARIABLE = YES;
				IPHONEOS_DEPLOYMENT_TARGET = 14.5;
				MTL_ENABLE_DEBUG_INFO = NO;
				MTL_FAST_MATH = YES;
				SDKROOT = iphoneos;
				SWIFT_COMPILATION_MODE = wholemodule;
				SWIFT_OPTIMIZATION_LEVEL = "-O";
				VALIDATE_PRODUCT = YES;
			};
			name = Release;
		};
		F65285E72674752C00831067 /* Debug */ = {
			isa = XCBuildConfiguration;
			buildSettings = {
				ASSETCATALOG_COMPILER_APPICON_NAME = AppIcon;
				ASSETCATALOG_COMPILER_GLOBAL_ACCENT_COLOR_NAME = AccentColor;
				CODE_SIGN_STYLE = Automatic;
				INFOPLIST_FILE = RxSwift_Practice/Info.plist;
				LD_RUNPATH_SEARCH_PATHS = (
					"$(inherited)",
					"@executable_path/Frameworks",
				);
				PRODUCT_BUNDLE_IDENTIFIER = "-.RxSwift-Practice";
				PRODUCT_NAME = "$(TARGET_NAME)";
				SWIFT_VERSION = 5.0;
				TARGETED_DEVICE_FAMILY = "1,2";
			};
			name = Debug;
		};
		F65285E82674752C00831067 /* Release */ = {
			isa = XCBuildConfiguration;
			buildSettings = {
				ASSETCATALOG_COMPILER_APPICON_NAME = AppIcon;
				ASSETCATALOG_COMPILER_GLOBAL_ACCENT_COLOR_NAME = AccentColor;
				CODE_SIGN_STYLE = Automatic;
				INFOPLIST_FILE = RxSwift_Practice/Info.plist;
				LD_RUNPATH_SEARCH_PATHS = (
					"$(inherited)",
					"@executable_path/Frameworks",
				);
				PRODUCT_BUNDLE_IDENTIFIER = "-.RxSwift-Practice";
				PRODUCT_NAME = "$(TARGET_NAME)";
				SWIFT_VERSION = 5.0;
				TARGETED_DEVICE_FAMILY = "1,2";
			};
			name = Release;
		};
/* End XCBuildConfiguration section */

/* Begin XCConfigurationList section */
		F65285CD2674752A00831067 /* Build configuration list for PBXProject "RxSwift_Practice" */ = {
			isa = XCConfigurationList;
			buildConfigurations = (
				F65285E42674752C00831067 /* Debug */,
				F65285E52674752C00831067 /* Release */,
			);
			defaultConfigurationIsVisible = 0;
			defaultConfigurationName = Release;
		};
		F65285E62674752C00831067 /* Build configuration list for PBXNativeTarget "RxSwift_Practice" */ = {
			isa = XCConfigurationList;
			buildConfigurations = (
				F65285E72674752C00831067 /* Debug */,
				F65285E82674752C00831067 /* Release */,
			);
			defaultConfigurationIsVisible = 0;
			defaultConfigurationName = Release;
		};
/* End XCConfigurationList section */

/* Begin XCRemoteSwiftPackageReference section */
		F65285E92674757300831067 /* XCRemoteSwiftPackageReference "RxSwift" */ = {
			isa = XCRemoteSwiftPackageReference;
			repositoryURL = "https://github.com/ReactiveX/RxSwift.git";
			requirement = {
				kind = upToNextMajorVersion;
				minimumVersion = 6.2.0;
			};
		};
		F65286022674FE1700831067 /* XCRemoteSwiftPackageReference "Alamofire" */ = {
			isa = XCRemoteSwiftPackageReference;
			repositoryURL = "https://github.com/Alamofire/Alamofire.git";
			requirement = {
				kind = upToNextMajorVersion;
				minimumVersion = 5.4.3;
			};
		};
		F652860A26750CB700831067 /* XCRemoteSwiftPackageReference "SDWebImage" */ = {
			isa = XCRemoteSwiftPackageReference;
			repositoryURL = "https://github.com/SDWebImage/SDWebImage.git";
			requirement = {
				kind = upToNextMajorVersion;
				minimumVersion = 5.11.1;
			};
		};
/* End XCRemoteSwiftPackageReference section */

/* Begin XCSwiftPackageProductDependency section */
		F65285EA2674757300831067 /* RxSwift */ = {
			isa = XCSwiftPackageProductDependency;
			package = F65285E92674757300831067 /* XCRemoteSwiftPackageReference "RxSwift" */;
			productName = RxSwift;
		};
		F65285EC2674757300831067 /* RxTest */ = {
			isa = XCSwiftPackageProductDependency;
			package = F65285E92674757300831067 /* XCRemoteSwiftPackageReference "RxSwift" */;
			productName = RxTest;
		};
		F65285EE2674757300831067 /* RxRelay */ = {
			isa = XCSwiftPackageProductDependency;
			package = F65285E92674757300831067 /* XCRemoteSwiftPackageReference "RxSwift" */;
			productName = RxRelay;
		};
		F65285F02674757300831067 /* RxCocoa */ = {
			isa = XCSwiftPackageProductDependency;
			package = F65285E92674757300831067 /* XCRemoteSwiftPackageReference "RxSwift" */;
			productName = RxCocoa;
		};
		F65285F22674757300831067 /* RxBlocking */ = {
			isa = XCSwiftPackageProductDependency;
			package = F65285E92674757300831067 /* XCRemoteSwiftPackageReference "RxSwift" */;
			productName = RxBlocking;
		};
		F65286032674FE1700831067 /* Alamofire */ = {
			isa = XCSwiftPackageProductDependency;
			package = F65286022674FE1700831067 /* XCRemoteSwiftPackageReference "Alamofire" */;
			productName = Alamofire;
		};
		F652860B26750CB700831067 /* SDWebImage */ = {
			isa = XCSwiftPackageProductDependency;
			package = F652860A26750CB700831067 /* XCRemoteSwiftPackageReference "SDWebImage" */;
			productName = SDWebImage;
		};
/* End XCSwiftPackageProductDependency section */
	};
	rootObject = F65285CA2674752A00831067 /* Project object */;
}
